
Microsoft Visual Studio Solution File, Format Version 12.00
# Visual Studio Version 16
VisualStudioVersion = 16.0.29728.190
MinimumVisualStudioVersion = 10.0.40219.1
Project("{2150E333-8FDC-42A3-9474-1A3956D46DE8}") = "1-UI", "1-UI", "{9CA5711E-5413-4B74-A284-3565D8FC488D}"
EndProject
Project("{2150E333-8FDC-42A3-9474-1A3956D46DE8}") = "2-Application", "2-Application", "{3B14AC0E-6BDC-4867-AC40-11ADAC1FBB67}"
EndProject
Project("{2150E333-8FDC-42A3-9474-1A3956D46DE8}") = "3-Service", "3-Service", "{FA2E2E23-67E9-4CF0-BF13-6621F74D7C64}"
EndProject
Project("{2150E333-8FDC-42A3-9474-1A3956D46DE8}") = "4-Domain", "4-Domain", "{930F6F55-EFB5-41F3-8606-603E4E59BB65}"
EndProject
Project("{2150E333-8FDC-42A3-9474-1A3956D46DE8}") = "5-Infrastructure", "5-Infrastructure", "{D22D3F1C-7733-48CA-8A06-EFE4BDD55D0B}"
EndProject
Project("{2150E333-8FDC-42A3-9474-1A3956D46DE8}") = "1-Data", "1-Data", "{EDE56BFA-EBAC-43A4-9783-8F42D32C6725}"
EndProject
Project("{2150E333-8FDC-42A3-9474-1A3956D46DE8}") = "2-CrossCutting", "2-CrossCutting", "{B998DD1A-5C42-4FFB-9051-8C37CE968C77}"
EndProject
Project("{FAE04EC0-301F-11D3-BF4B-00C04F79EFBC}") = "ProjetoEntityVO.Shared", "src\ProjetoEntityVO.Shared\ProjetoEntityVO.Shared.csproj", "{C02D887E-D545-40D0-B0A9-A9DE9AF97AA9}"
EndProject
Project("{FAE04EC0-301F-11D3-BF4B-00C04F79EFBC}") = "ProjetoEntityVO.Domain", "src\ProjetoEntityVO.Domain\ProjetoEntityVO.Domain.csproj", "{6BB4ABC6-48DB-4421-84DE-05401579BFA5}"
EndProject
Project("{FAE04EC0-301F-11D3-BF4B-00C04F79EFBC}") = "ProjetoEntityVO.Infrastructure", "src\ProjetoEntityVO.Infrastructure\ProjetoEntityVO.Infrastructure.csproj", "{CFCC286E-1B62-4DC1-945D-2C353D7D4E21}"
EndProject
Project("{FAE04EC0-301F-11D3-BF4B-00C04F79EFBC}") = "ProjetoEntityVO.Application", "src\ProjetoEntityVO.Application\ProjetoEntityVO.Application.csproj", "{91FDE745-B901-463F-9BD8-AB12845DD653}"
EndProject
Project("{FAE04EC0-301F-11D3-BF4B-00C04F79EFBC}") = "ProjetoEntityVO.MVC", "src\ProjetoEntityVO.MVC\ProjetoEntityVO.MVC.csproj", "{0371B40A-313A-4F59-86E5-8774D684A948}"
EndProject
Global
	GlobalSection(SolutionConfigurationPlatforms) = preSolution
		Debug|Any CPU = Debug|Any CPU
		Release|Any CPU = Release|Any CPU
	EndGlobalSection
	GlobalSection(ProjectConfigurationPlatforms) = postSolution
		{C02D887E-D545-40D0-B0A9-A9DE9AF97AA9}.Debug|Any CPU.ActiveCfg = Debug|Any CPU
		{C02D887E-D545-40D0-B0A9-A9DE9AF97AA9}.Debug|Any CPU.Build.0 = Debug|Any CPU
		{C02D887E-D545-40D0-B0A9-A9DE9AF97AA9}.Release|Any CPU.ActiveCfg = Release|Any CPU
		{C02D887E-D545-40D0-B0A9-A9DE9AF97AA9}.Release|Any CPU.Build.0 = Release|Any CPU
		{6BB4ABC6-48DB-4421-84DE-05401579BFA5}.Debug|Any CPU.ActiveCfg = Debug|Any CPU
		{6BB4ABC6-48DB-4421-84DE-05401579BFA5}.Debug|Any CPU.Build.0 = Debug|Any CPU
		{6BB4ABC6-48DB-4421-84DE-05401579BFA5}.Release|Any CPU.ActiveCfg = Release|Any CPU
		{6BB4ABC6-48DB-4421-84DE-05401579BFA5}.Release|Any CPU.Build.0 = Release|Any CPU
		{CFCC286E-1B62-4DC1-945D-2C353D7D4E21}.Debug|Any CPU.ActiveCfg = Debug|Any CPU
		{CFCC286E-1B62-4DC1-945D-2C353D7D4E21}.Debug|Any CPU.Build.0 = Debug|Any CPU
		{CFCC286E-1B62-4DC1-945D-2C353D7D4E21}.Release|Any CPU.ActiveCfg = Release|Any CPU
		{CFCC286E-1B62-4DC1-945D-2C353D7D4E21}.Release|Any CPU.Build.0 = Release|Any CPU
		{91FDE745-B901-463F-9BD8-AB12845DD653}.Debug|Any CPU.ActiveCfg = Debug|Any CPU
		{91FDE745-B901-463F-9BD8-AB12845DD653}.Debug|Any CPU.Build.0 = Debug|Any CPU
		{91FDE745-B901-463F-9BD8-AB12845DD653}.Release|Any CPU.ActiveCfg = Release|Any CPU
		{91FDE745-B901-463F-9BD8-AB12845DD653}.Release|Any CPU.Build.0 = Release|Any CPU
		{0371B40A-313A-4F59-86E5-8774D684A948}.Debug|Any CPU.ActiveCfg = Debug|Any CPU
		{0371B40A-313A-4F59-86E5-8774D684A948}.Debug|Any CPU.Build.0 = Debug|Any CPU
		{0371B40A-313A-4F59-86E5-8774D684A948}.Release|Any CPU.ActiveCfg = Release|Any CPU
		{0371B40A-313A-4F59-86E5-8774D684A948}.Release|Any CPU.Build.0 = Release|Any CPU
	EndGlobalSection
	GlobalSection(SolutionProperties) = preSolution
		HideSolutionNode = FALSE
	EndGlobalSection
	GlobalSection(NestedProjects) = preSolution
		{EDE56BFA-EBAC-43A4-9783-8F42D32C6725} = {D22D3F1C-7733-48CA-8A06-EFE4BDD55D0B}
		{B998DD1A-5C42-4FFB-9051-8C37CE968C77} = {D22D3F1C-7733-48CA-8A06-EFE4BDD55D0B}
		{C02D887E-D545-40D0-B0A9-A9DE9AF97AA9} = {930F6F55-EFB5-41F3-8606-603E4E59BB65}
		{6BB4ABC6-48DB-4421-84DE-05401579BFA5} = {930F6F55-EFB5-41F3-8606-603E4E59BB65}
		{CFCC286E-1B62-4DC1-945D-2C353D7D4E21} = {EDE56BFA-EBAC-43A4-9783-8F42D32C6725}
		{91FDE745-B901-463F-9BD8-AB12845DD653} = {3B14AC0E-6BDC-4867-AC40-11ADAC1FBB67}
		{0371B40A-313A-4F59-86E5-8774D684A948} = {9CA5711E-5413-4B74-A284-3565D8FC488D}
	EndGlobalSection
	GlobalSection(ExtensibilityGlobals) = postSolution
		SolutionGuid = {CE87F986-DB08-43A7-BC2F-3ABA13B4843C}
	EndGlobalSection
EndGlobal
